<?xml version="1.0" encoding="UTF-8"?>
<Scheme
   LastUpgradeVersion = "1030"
   version = "1.3">
   <BuildAction
      parallelizeBuildables = "YES"
      buildImplicitDependencies = "YES">
      <BuildActionEntries>
         <BuildActionEntry
            buildForTesting = "YES"
            buildForRunning = "YES"
            buildForProfiling = "YES"
            buildForArchiving = "YES"
            buildForAnalyzing = "YES">
            <BuildableReference
               BuildableIdentifier = "primary"
               BlueprintIdentifier = "DBCA37F4225E892400CD4137"
               BuildableName = "HyperwalletUISDK.framework"
               BlueprintName = "HyperwalletUISDK"
               ReferencedContainer = "container:HyperwalletUISDK.xcodeproj">
            </BuildableReference>
         </BuildActionEntry>
         <BuildActionEntry
            buildForTesting = "YES"
            buildForRunning = "YES"
            buildForProfiling = "YES"
            buildForArchiving = "YES"
            buildForAnalyzing = "YES">
            <BuildableReference
               BuildableIdentifier = "primary"
               BlueprintIdentifier = "DB551F4822E1316400DD65C2"
               BuildableName = "Common.framework"
               BlueprintName = "Common"
               ReferencedContainer = "container:HyperwalletUISDK.xcodeproj">
            </BuildableReference>
         </BuildActionEntry>
         <BuildActionEntry
            buildForTesting = "YES"
            buildForRunning = "YES"
            buildForProfiling = "YES"
            buildForArchiving = "YES"
            buildForAnalyzing = "YES">
            <BuildableReference
               BuildableIdentifier = "primary"
               BlueprintIdentifier = "DB99C2C722E220C200E45185"
               BuildableName = "Receipt.framework"
               BlueprintName = "Receipt"
               ReferencedContainer = "container:HyperwalletUISDK.xcodeproj">
            </BuildableReference>
         </BuildActionEntry>
         <BuildActionEntry
            buildForTesting = "YES"
            buildForRunning = "YES"
            buildForProfiling = "YES"
            buildForArchiving = "YES"
            buildForAnalyzing = "YES">
            <BuildableReference
               BuildableIdentifier = "primary"
               BlueprintIdentifier = "4AE6B6BF22D605B20009DEFE"
               BuildableName = "ReceiptRepository.framework"
               BlueprintName = "ReceiptRepository"
               ReferencedContainer = "container:HyperwalletUISDK.xcodeproj">
            </BuildableReference>
         </BuildActionEntry>
         <BuildActionEntry
            buildForTesting = "YES"
            buildForRunning = "YES"
            buildForProfiling = "YES"
            buildForArchiving = "YES"
            buildForAnalyzing = "YES">
            <BuildableReference
               BuildableIdentifier = "primary"
               BlueprintIdentifier = "4A9A7BDE22E859E60022E573"
               BuildableName = "Transfer.framework"
               BlueprintName = "Transfer"
               ReferencedContainer = "container:HyperwalletUISDK.xcodeproj">
            </BuildableReference>
         </BuildActionEntry>
         <BuildActionEntry
            buildForTesting = "YES"
            buildForRunning = "YES"
            buildForProfiling = "YES"
            buildForArchiving = "YES"
            buildForAnalyzing = "YES">
            <BuildableReference
               BuildableIdentifier = "primary"
               BlueprintIdentifier = "DB551FA622E1409700DD65C2"
               BuildableName = "TransferMethod.framework"
               BlueprintName = "TransferMethod"
               ReferencedContainer = "container:HyperwalletUISDK.xcodeproj">
            </BuildableReference>
         </BuildActionEntry>
         <BuildActionEntry
            buildForTesting = "YES"
            buildForRunning = "YES"
            buildForProfiling = "YES"
            buildForArchiving = "YES"
            buildForAnalyzing = "YES">
            <BuildableReference
               BuildableIdentifier = "primary"
               BlueprintIdentifier = "DBAF929C22CFCBC7004F197A"
               BuildableName = "TransferMethodRepository.framework"
               BlueprintName = "TransferMethodRepository"
               ReferencedContainer = "container:HyperwalletUISDK.xcodeproj">
            </BuildableReference>
         </BuildActionEntry>
         <BuildActionEntry
            buildForTesting = "YES"
            buildForRunning = "YES"
            buildForProfiling = "YES"
            buildForArchiving = "YES"
            buildForAnalyzing = "YES">
            <BuildableReference
               BuildableIdentifier = "primary"
               BlueprintIdentifier = "073BB98122E63DB50053C24E"
               BuildableName = "TransferRepository.framework"
               BlueprintName = "TransferRepository"
               ReferencedContainer = "container:HyperwalletUISDK.xcodeproj">
            </BuildableReference>
         </BuildActionEntry>
         <BuildActionEntry
            buildForTesting = "YES"
            buildForRunning = "YES"
            buildForProfiling = "YES"
            buildForArchiving = "YES"
            buildForAnalyzing = "YES">
            <BuildableReference
               BuildableIdentifier = "primary"
               BlueprintIdentifier = "643912D322DF40CB00036609"
               BuildableName = "UserRepository.framework"
               BlueprintName = "UserRepository"
               ReferencedContainer = "container:HyperwalletUISDK.xcodeproj">
            </BuildableReference>
         </BuildActionEntry>
         <BuildActionEntry
            buildForTesting = "YES"
            buildForRunning = "NO"
            buildForProfiling = "NO"
            buildForArchiving = "NO"
            buildForAnalyzing = "NO">
            <BuildableReference
               BuildableIdentifier = "primary"
               BlueprintIdentifier = "DB551F5022E1316400DD65C2"
               BuildableName = "CommonTests.xctest"
               BlueprintName = "CommonTests"
               ReferencedContainer = "container:HyperwalletUISDK.xcodeproj">
            </BuildableReference>
         </BuildActionEntry>
         <BuildActionEntry
            buildForTesting = "YES"
            buildForRunning = "NO"
            buildForProfiling = "NO"
            buildForArchiving = "NO"
            buildForAnalyzing = "NO">
            <BuildableReference
               BuildableIdentifier = "primary"
               BlueprintIdentifier = "DB551FAE22E1409700DD65C2"
               BuildableName = "TransferMethodTests.xctest"
               BlueprintName = "TransferMethodTests"
               ReferencedContainer = "container:HyperwalletUISDK.xcodeproj">
            </BuildableReference>
         </BuildActionEntry>
         <BuildActionEntry
            buildForTesting = "YES"
            buildForRunning = "NO"
            buildForProfiling = "NO"
            buildForArchiving = "NO"
            buildForAnalyzing = "NO">
            <BuildableReference
               BuildableIdentifier = "primary"
               BlueprintIdentifier = "643912DB22DF40CB00036609"
               BuildableName = "UserRepositoryTests.xctest"
               BlueprintName = "UserRepositoryTests"
               ReferencedContainer = "container:HyperwalletUISDK.xcodeproj">
            </BuildableReference>
         </BuildActionEntry>
         <BuildActionEntry
            buildForTesting = "YES"
            buildForRunning = "NO"
            buildForProfiling = "NO"
            buildForArchiving = "NO"
            buildForAnalyzing = "NO">
            <BuildableReference
               BuildableIdentifier = "primary"
               BlueprintIdentifier = "DB99C2CF22E220C200E45185"
               BuildableName = "ReceiptTests.xctest"
               BlueprintName = "ReceiptTests"
               ReferencedContainer = "container:HyperwalletUISDK.xcodeproj">
            </BuildableReference>
         </BuildActionEntry>
         <BuildActionEntry
            buildForTesting = "YES"
            buildForRunning = "NO"
            buildForProfiling = "NO"
            buildForArchiving = "NO"
            buildForAnalyzing = "NO">
            <BuildableReference
               BuildableIdentifier = "primary"
               BlueprintIdentifier = "073BB98922E63DB50053C24E"
               BuildableName = "TransferRepositoryTests.xctest"
               BlueprintName = "TransferRepositoryTests"
               ReferencedContainer = "container:HyperwalletUISDK.xcodeproj">
            </BuildableReference>
         </BuildActionEntry>
      </BuildActionEntries>
   </BuildAction>
   <TestAction
      buildConfiguration = "Debug"
      selectedDebuggerIdentifier = "Xcode.DebuggerFoundation.Debugger.LLDB"
      selectedLauncherIdentifier = "Xcode.DebuggerFoundation.Launcher.LLDB"
      codeCoverageEnabled = "YES"
      onlyGenerateCoverageForSpecifiedTargets = "YES"
      shouldUseLaunchSchemeArgsEnv = "YES">
      <CodeCoverageTargets>
         <BuildableReference
            BuildableIdentifier = "primary"
            BlueprintIdentifier = "DB551F4822E1316400DD65C2"
            BuildableName = "Common.framework"
            BlueprintName = "Common"
            ReferencedContainer = "container:HyperwalletUISDK.xcodeproj">
         </BuildableReference>
         <BuildableReference
            BuildableIdentifier = "primary"
            BlueprintIdentifier = "DB99C2C722E220C200E45185"
            BuildableName = "Receipt.framework"
            BlueprintName = "Receipt"
            ReferencedContainer = "container:HyperwalletUISDK.xcodeproj">
         </BuildableReference>
         <BuildableReference
            BuildableIdentifier = "primary"
            BlueprintIdentifier = "4AE6B6BF22D605B20009DEFE"
            BuildableName = "ReceiptRepository.framework"
            BlueprintName = "ReceiptRepository"
            ReferencedContainer = "container:HyperwalletUISDK.xcodeproj">
         </BuildableReference>
         <BuildableReference
            BuildableIdentifier = "primary"
            BlueprintIdentifier = "4A9A7BDE22E859E60022E573"
            BuildableName = "Transfer.framework"
            BlueprintName = "Transfer"
            ReferencedContainer = "container:HyperwalletUISDK.xcodeproj">
         </BuildableReference>
         <BuildableReference
            BuildableIdentifier = "primary"
            BlueprintIdentifier = "DB551FA622E1409700DD65C2"
            BuildableName = "TransferMethod.framework"
            BlueprintName = "TransferMethod"
            ReferencedContainer = "container:HyperwalletUISDK.xcodeproj">
         </BuildableReference>
         <BuildableReference
            BuildableIdentifier = "primary"
            BlueprintIdentifier = "DBAF929C22CFCBC7004F197A"
            BuildableName = "TransferMethodRepository.framework"
            BlueprintName = "TransferMethodRepository"
            ReferencedContainer = "container:HyperwalletUISDK.xcodeproj">
         </BuildableReference>
         <BuildableReference
            BuildableIdentifier = "primary"
            BlueprintIdentifier = "073BB98122E63DB50053C24E"
            BuildableName = "TransferRepository.framework"
            BlueprintName = "TransferRepository"
            ReferencedContainer = "container:HyperwalletUISDK.xcodeproj">
         </BuildableReference>
         <BuildableReference
            BuildableIdentifier = "primary"
            BlueprintIdentifier = "643912D322DF40CB00036609"
            BuildableName = "UserRepository.framework"
            BlueprintName = "UserRepository"
            ReferencedContainer = "container:HyperwalletUISDK.xcodeproj">
         </BuildableReference>
      </CodeCoverageTargets>
      <Testables>
         <TestableReference
            skipped = "NO">
            <BuildableReference
               BuildableIdentifier = "primary"
               BlueprintIdentifier = "4AE6B6C722D605B20009DEFE"
               BuildableName = "ReceiptRepositoryTests.xctest"
               BlueprintName = "ReceiptRepositoryTests"
               ReferencedContainer = "container:HyperwalletUISDK.xcodeproj">
            </BuildableReference>
         </TestableReference>
         <TestableReference
            skipped = "NO">
            <BuildableReference
               BuildableIdentifier = "primary"
               BlueprintIdentifier = "DBAF92A422CFCBC7004F197A"
               BuildableName = "TransferMethodRepositoryTests.xctest"
               BlueprintName = "TransferMethodRepositoryTests"
               ReferencedContainer = "container:HyperwalletUISDK.xcodeproj">
            </BuildableReference>
         </TestableReference>
         <TestableReference
            skipped = "NO">
            <BuildableReference
               BuildableIdentifier = "primary"
               BlueprintIdentifier = "643912DB22DF40CB00036609"
               BuildableName = "UserRepositoryTests.xctest"
               BlueprintName = "UserRepositoryTests"
               ReferencedContainer = "container:HyperwalletUISDK.xcodeproj">
            </BuildableReference>
         </TestableReference>
         <TestableReference
            skipped = "NO">
            <BuildableReference
               BuildableIdentifier = "primary"
               BlueprintIdentifier = "DB551F5022E1316400DD65C2"
               BuildableName = "CommonTests.xctest"
               BlueprintName = "CommonTests"
               ReferencedContainer = "container:HyperwalletUISDK.xcodeproj">
            </BuildableReference>
         </TestableReference>
         <TestableReference
            skipped = "NO">
            <BuildableReference
               BuildableIdentifier = "primary"
               BlueprintIdentifier = "DB551FAE22E1409700DD65C2"
               BuildableName = "TransferMethodTests.xctest"
               BlueprintName = "TransferMethodTests"
               ReferencedContainer = "container:HyperwalletUISDK.xcodeproj">
            </BuildableReference>
         </TestableReference>
         <TestableReference
            skipped = "NO">
            <BuildableReference
               BuildableIdentifier = "primary"
               BlueprintIdentifier = "DB99C2CF22E220C200E45185"
               BuildableName = "ReceiptTests.xctest"
               BlueprintName = "ReceiptTests"
               ReferencedContainer = "container:HyperwalletUISDK.xcodeproj">
            </BuildableReference>
         </TestableReference>
         <TestableReference
            skipped = "NO">
            <BuildableReference
               BuildableIdentifier = "primary"
               BlueprintIdentifier = "073BB98922E63DB50053C24E"
               BuildableName = "TransferRepositoryTests.xctest"
               BlueprintName = "TransferRepositoryTests"
               ReferencedContainer = "container:HyperwalletUISDK.xcodeproj">
            </BuildableReference>
         </TestableReference>
         <TestableReference
            skipped = "NO">
            <BuildableReference
               BuildableIdentifier = "primary"
               BlueprintIdentifier = "4A9A7BE622E859E60022E573"
               BuildableName = "TransferTests.xctest"
               BlueprintName = "TransferTests"
               ReferencedContainer = "container:HyperwalletUISDK.xcodeproj">
            </BuildableReference>
         </TestableReference>
      </Testables>
      <MacroExpansion>
         <BuildableReference
            BuildableIdentifier = "primary"
            BlueprintIdentifier = "DBCA37F4225E892400CD4137"
            BuildableName = "HyperwalletUISDK.framework"
            BlueprintName = "HyperwalletUISDK"
            ReferencedContainer = "container:HyperwalletUISDK.xcodeproj">
         </BuildableReference>
      </MacroExpansion>
      <AdditionalOptions>
      </AdditionalOptions>
   </TestAction>
   <LaunchAction
      buildConfiguration = "Debug"
      selectedDebuggerIdentifier = "Xcode.DebuggerFoundation.Debugger.LLDB"
      selectedLauncherIdentifier = "Xcode.DebuggerFoundation.Launcher.LLDB"
      launchStyle = "0"
      useCustomWorkingDirectory = "NO"
      ignoresPersistentStateOnLaunch = "NO"
      debugDocumentVersioning = "YES"
      debugServiceExtension = "internal"
      allowLocationSimulation = "YES">
      <MacroExpansion>
         <BuildableReference
            BuildableIdentifier = "primary"
            BlueprintIdentifier = "DBCA37F4225E892400CD4137"
            BuildableName = "HyperwalletUISDK.framework"
            BlueprintName = "HyperwalletUISDK"
            ReferencedContainer = "container:HyperwalletUISDK.xcodeproj">
         </BuildableReference>
      </MacroExpansion>
      <AdditionalOptions>
      </AdditionalOptions>
   </LaunchAction>
   <ProfileAction
      buildConfiguration = "Release"
      shouldUseLaunchSchemeArgsEnv = "YES"
      savedToolIdentifier = ""
      useCustomWorkingDirectory = "NO"
      debugDocumentVersioning = "YES">
      <MacroExpansion>
         <BuildableReference
            BuildableIdentifier = "primary"
            BlueprintIdentifier = "DBCA37F4225E892400CD4137"
            BuildableName = "HyperwalletUISDK.framework"
            BlueprintName = "HyperwalletUISDK"
            ReferencedContainer = "container:HyperwalletUISDK.xcodeproj">
         </BuildableReference>
      </MacroExpansion>
   </ProfileAction>
   <AnalyzeAction
      buildConfiguration = "Debug">
   </AnalyzeAction>
   <ArchiveAction
      buildConfiguration = "Release"
      revealArchiveInOrganizer = "YES">
   </ArchiveAction>
</Scheme>
