<?xml version="1.0" encoding="UTF-8"?>
<Scheme
   LastUpgradeVersion = "1020"
   version = "1.3">
   <BuildAction
      parallelizeBuildables = "YES"
      buildImplicitDependencies = "YES">
      <BuildActionEntries>
         <BuildActionEntry
            buildForTesting = "YES"
            buildForRunning = "YES"
            buildForProfiling = "YES"
            buildForArchiving = "YES"
            buildForAnalyzing = "YES">
            <BuildableReference
               BuildableIdentifier = "primary"
               BlueprintIdentifier = "DBCA37F4225E892400CD4137"
               BuildableName = "HyperwalletUISDK.framework"
               BlueprintName = "HyperwalletUISDK"
               ReferencedContainer = "container:HyperwalletUISDK.xcodeproj">
            </BuildableReference>
         </BuildActionEntry>
         <BuildActionEntry
            buildForTesting = "YES"
            buildForRunning = "YES"
            buildForProfiling = "YES"
            buildForArchiving = "YES"
            buildForAnalyzing = "YES">
            <BuildableReference
               BuildableIdentifier = "primary"
               BlueprintIdentifier = "4AE6B6BF22D605B20009DEFE"
               BuildableName = "ReceiptRepository.framework"
               BlueprintName = "ReceiptRepository"
               ReferencedContainer = "container:HyperwalletUISDK.xcodeproj">
            </BuildableReference>
         </BuildActionEntry>
      </BuildActionEntries>
   </BuildAction>
   <TestAction
      buildConfiguration = "Debug"
      selectedDebuggerIdentifier = "Xcode.DebuggerFoundation.Debugger.LLDB"
      selectedLauncherIdentifier = "Xcode.DebuggerFoundation.Launcher.LLDB"
      codeCoverageEnabled = "YES"
      onlyGenerateCoverageForSpecifiedTargets = "YES"
      shouldUseLaunchSchemeArgsEnv = "YES">
      <CodeCoverageTargets>
         <BuildableReference
            BuildableIdentifier = "primary"
            BlueprintIdentifier = "DBCA37F4225E892400CD4137"
            BuildableName = "HyperwalletUISDK.framework"
            BlueprintName = "HyperwalletUISDK"
            ReferencedContainer = "container:HyperwalletUISDK.xcodeproj">
         </BuildableReference>
         <BuildableReference
            BuildableIdentifier = "primary"
            BlueprintIdentifier = "4AE6B6BF22D605B20009DEFE"
            BuildableName = "ReceiptRepository.framework"
            BlueprintName = "ReceiptRepository"
            ReferencedContainer = "container:HyperwalletUISDK.xcodeproj">
         </BuildableReference>
      </CodeCoverageTargets>
      <Testables>
         <TestableReference
            skipped = "NO">
            <BuildableReference
               BuildableIdentifier = "primary"
               BlueprintIdentifier = "DB18E9EC2261BA29004F6AC3"
               BuildableName = "HyperwalletUISDKTests.xctest"
               BlueprintName = "HyperwalletUISDKTests"
               ReferencedContainer = "container:HyperwalletUISDK.xcodeproj">
            </BuildableReference>
         </TestableReference>
         <TestableReference
            skipped = "NO">
            <BuildableReference
               BuildableIdentifier = "primary"
               BlueprintIdentifier = "4AE6B6C722D605B20009DEFE"
               BuildableName = "ReceiptRepositoryTests.xctest"
               BlueprintName = "ReceiptRepositoryTests"
               ReferencedContainer = "container:HyperwalletUISDK.xcodeproj">
            </BuildableReference>
         </TestableReference>
      </Testables>
      <MacroExpansion>
         <BuildableReference
            BuildableIdentifier = "primary"
            BlueprintIdentifier = "DBCA37F4225E892400CD4137"
            BuildableName = "HyperwalletUISDK.framework"
            BlueprintName = "HyperwalletUISDK"
            ReferencedContainer = "container:HyperwalletUISDK.xcodeproj">
         </BuildableReference>
      </MacroExpansion>
      <AdditionalOptions>
      </AdditionalOptions>
   </TestAction>
   <LaunchAction
      buildConfiguration = "Debug"
      selectedDebuggerIdentifier = "Xcode.DebuggerFoundation.Debugger.LLDB"
      selectedLauncherIdentifier = "Xcode.DebuggerFoundation.Launcher.LLDB"
      launchStyle = "0"
      useCustomWorkingDirectory = "NO"
      ignoresPersistentStateOnLaunch = "NO"
      debugDocumentVersioning = "YES"
      debugServiceExtension = "internal"
      allowLocationSimulation = "YES">
      <MacroExpansion>
         <BuildableReference
            BuildableIdentifier = "primary"
            BlueprintIdentifier = "DBCA37F4225E892400CD4137"
            BuildableName = "HyperwalletUISDK.framework"
            BlueprintName = "HyperwalletUISDK"
            ReferencedContainer = "container:HyperwalletUISDK.xcodeproj">
         </BuildableReference>
      </MacroExpansion>
      <AdditionalOptions>
      </AdditionalOptions>
   </LaunchAction>
   <ProfileAction
      buildConfiguration = "Release"
      shouldUseLaunchSchemeArgsEnv = "YES"
      savedToolIdentifier = ""
      useCustomWorkingDirectory = "NO"
      debugDocumentVersioning = "YES">
      <MacroExpansion>
         <BuildableReference
            BuildableIdentifier = "primary"
            BlueprintIdentifier = "DBCA37F4225E892400CD4137"
            BuildableName = "HyperwalletUISDK.framework"
            BlueprintName = "HyperwalletUISDK"
            ReferencedContainer = "container:HyperwalletUISDK.xcodeproj">
         </BuildableReference>
      </MacroExpansion>
   </ProfileAction>
   <AnalyzeAction
      buildConfiguration = "Debug">
   </AnalyzeAction>
   <ArchiveAction
      buildConfiguration = "Release"
      revealArchiveInOrganizer = "YES">
   </ArchiveAction>
</Scheme>
